
Microsoft Visual Studio Solution File, Format Version 12.00
# Visual Studio Version 17
VisualStudioVersion = 17.4.33110.190
MinimumVisualStudioVersion = 10.0.40219.1
Project("{F184B08F-C81C-45F6-A57F-5ABD9991F28F}") = "NavicatEncrypt", "NavicatEncrypt.vbproj", "{8C0A8965-3ED1-4253-B787-48D75EE2DD15}"
EndProject
Project("{FAE04EC0-301F-11D3-BF4B-00C04F79EFBC}") = "CryptSharpSlim", "..\CryptSharpSlim\CryptSharpSlim.csproj", "{DC190EE3-572E-451D-82C1-DC11CE292CE0}"
EndProject
Project("{F184B08F-C81C-45F6-A57F-5ABD9991F28F}") = "NavicatEncrypt.Standard", "..\NavicatEncrypt.Standard\NavicatEncrypt.Standard.vbproj", "{0F7A68EB-CD00-472E-8E62-43213489EB57}"
EndProject
Global
	GlobalSection(SolutionConfigurationPlatforms) = preSolution
		Debug|Any CPU = Debug|Any CPU
		Release|Any CPU = Release|Any CPU
	EndGlobalSection
	GlobalSection(ProjectConfigurationPlatforms) = postSolution
		{8C0A8965-3ED1-4253-B787-48D75EE2DD15}.Debug|Any CPU.ActiveCfg = Debug|Any CPU
		{8C0A8965-3ED1-4253-B787-48D75EE2DD15}.Debug|Any CPU.Build.0 = Debug|Any CPU
		{8C0A8965-3ED1-4253-B787-48D75EE2DD15}.Release|Any CPU.ActiveCfg = Release|Any CPU
		{8C0A8965-3ED1-4253-B787-48D75EE2DD15}.Release|Any CPU.Build.0 = Release|Any CPU
		{DC190EE3-572E-451D-82C1-DC11CE292CE0}.Debug|Any CPU.ActiveCfg = Debug|Any CPU
		{DC190EE3-572E-451D-82C1-DC11CE292CE0}.Debug|Any CPU.Build.0 = Debug|Any CPU
		{DC190EE3-572E-451D-82C1-DC11CE292CE0}.Release|Any CPU.ActiveCfg = Release|Any CPU
		{DC190EE3-572E-451D-82C1-DC11CE292CE0}.Release|Any CPU.Build.0 = Release|Any CPU
		{0F7A68EB-CD00-472E-8E62-43213489EB57}.Debug|Any CPU.ActiveCfg = Debug|Any CPU
		{0F7A68EB-CD00-472E-8E62-43213489EB57}.Debug|Any CPU.Build.0 = Debug|Any CPU
		{0F7A68EB-CD00-472E-8E62-43213489EB57}.Release|Any CPU.ActiveCfg = Release|Any CPU
		{0F7A68EB-CD00-472E-8E62-43213489EB57}.Release|Any CPU.Build.0 = Release|Any CPU
	EndGlobalSection
	GlobalSection(SolutionProperties) = preSolution
		HideSolutionNode = FALSE
	EndGlobalSection
	GlobalSection(ExtensibilityGlobals) = postSolution
		SolutionGuid = {EA653BD5-15B5-467A-9EEE-B9E7A7711A33}
	EndGlobalSection
EndGlobal
